// !$*UTF8*$!
{
	archiveVersion = 1;
	classes = {
	};
	objectVersion = 50;
	objects = {

/* Begin PBXBuildFile section */
		2D017B2522C1F1ED004E5C00 /* ActivityNavigationController.swift in Sources */ = {isa = PBXBuildFile; fileRef = 2D017B2422C1F1ED004E5C00 /* ActivityNavigationController.swift */; };
		2D017B2722C33F22004E5C00 /* Manager.swift in Sources */ = {isa = PBXBuildFile; fileRef = 2D017B2622C33F22004E5C00 /* Manager.swift */; };
		2D060E2C22AE0CF300BA34A6 /* Account.swift in Sources */ = {isa = PBXBuildFile; fileRef = 2D060E2B22AE0CF300BA34A6 /* Account.swift */; };
		2D08B36922CDAD64004D1007 /* ChatRoomViewController.swift in Sources */ = {isa = PBXBuildFile; fileRef = 2D08B36822CDAD64004D1007 /* ChatRoomViewController.swift */; };
		2D08B36B22CDB50A004D1007 /* Mesage.swift in Sources */ = {isa = PBXBuildFile; fileRef = 2D08B36A22CDB50A004D1007 /* Mesage.swift */; };
		2D08B36D22CDC411004D1007 /* ParticipateActivityViewController.swift in Sources */ = {isa = PBXBuildFile; fileRef = 2D08B36C22CDC411004D1007 /* ParticipateActivityViewController.swift */; };
		2D08B36F22CF239B004D1007 /* UICollectionView+Additions.swift in Sources */ = {isa = PBXBuildFile; fileRef = 2D08B36E22CF239B004D1007 /* UICollectionView+Additions.swift */; };
		2D08B37322CF2C58004D1007 /* UIColor+Additions.swift in Sources */ = {isa = PBXBuildFile; fileRef = 2D08B37222CF2C58004D1007 /* UIColor+Additions.swift */; };
		2D08B37522D3036E004D1007 /* Channel.swift in Sources */ = {isa = PBXBuildFile; fileRef = 2D08B37422D3036E004D1007 /* Channel.swift */; };
		2D08B37722D304A7004D1007 /* DatabaseRepresentation.swift in Sources */ = {isa = PBXBuildFile; fileRef = 2D08B37622D304A7004D1007 /* DatabaseRepresentation.swift */; };
		2D08B37B22D44496004D1007 /* photo-camera-2.png in Resources */ = {isa = PBXBuildFile; fileRef = 2D08B37A22D44495004D1007 /* photo-camera-2.png */; };
		2D08B37D22D44540004D1007 /* picture.png in Resources */ = {isa = PBXBuildFile; fileRef = 2D08B37C22D44540004D1007 /* picture.png */; };
		2D08B37F22D46636004D1007 /* send.png in Resources */ = {isa = PBXBuildFile; fileRef = 2D08B37E22D46636004D1007 /* send.png */; };
		2D08B38222D48F2D004D1007 /* SettingViewController.swift in Sources */ = {isa = PBXBuildFile; fileRef = 2D08B38122D48F2D004D1007 /* SettingViewController.swift */; };
		2D204A6C22AFE04200D8749A /* Second.storyboard in Resources */ = {isa = PBXBuildFile; fileRef = 2D204A6B22AFE04200D8749A /* Second.storyboard */; };
		2D204A6E22AFF8F600D8749A /* MainViewController.swift in Sources */ = {isa = PBXBuildFile; fileRef = 2D204A6D22AFF8F600D8749A /* MainViewController.swift */; };
		2D204A7322B0A13300D8749A /* mainBackground.jpg in Resources */ = {isa = PBXBuildFile; fileRef = 2D204A7222B0A13300D8749A /* mainBackground.jpg */; };
		2D204A7722B0A44A00D8749A /* basketball.png in Resources */ = {isa = PBXBuildFile; fileRef = 2D204A7622B0A44A00D8749A /* basketball.png */; };
		2D204A7B22B0A75400D8749A /* badminton.png in Resources */ = {isa = PBXBuildFile; fileRef = 2D204A7A22B0A75400D8749A /* badminton.png */; };
		2D5F5FF122D97E9C00F09543 /* Sweater.xcdatamodeld in Sources */ = {isa = PBXBuildFile; fileRef = 2D5F5FEF22D97E9B00F09543 /* Sweater.xcdatamodeld */; };
		2D6E43CE22B774FF0073E56F /* TestViewController.swift in Sources */ = {isa = PBXBuildFile; fileRef = 2D6E43CD22B774FF0073E56F /* TestViewController.swift */; };
		2D6E43D022B77D4B0073E56F /* MapSelectionViewController.swift in Sources */ = {isa = PBXBuildFile; fileRef = 2D6E43CF22B77D4B0073E56F /* MapSelectionViewController.swift */; };
		2D6E43F022B8ECD80073E56F /* MapData.swift in Sources */ = {isa = PBXBuildFile; fileRef = 2D6E43EF22B8ECD80073E56F /* MapData.swift */; };
		2D6E43F322B9D42F0073E56F /* CustomAnnotation.swift in Sources */ = {isa = PBXBuildFile; fileRef = 2D6E43F222B9D42F0073E56F /* CustomAnnotation.swift */; };
		2D6E441722BB18100073E56F /* ActivityListCell.swift in Sources */ = {isa = PBXBuildFile; fileRef = 2D6E441522BB18100073E56F /* ActivityListCell.swift */; };
		2D6E441822BB18100073E56F /* ActivityListCell.xib in Resources */ = {isa = PBXBuildFile; fileRef = 2D6E441622BB18100073E56F /* ActivityListCell.xib */; };
		2D6E441A22BB57430073E56F /* ActivityListViewController.swift in Sources */ = {isa = PBXBuildFile; fileRef = 2D6E441922BB57430073E56F /* ActivityListViewController.swift */; };
		2D6E441C22BB5A750073E56F /* Activity.swift in Sources */ = {isa = PBXBuildFile; fileRef = 2D6E441B22BB5A750073E56F /* Activity.swift */; };
		2D6E46E422C1B50D0073E56F /* ActivityDetailViewController.swift in Sources */ = {isa = PBXBuildFile; fileRef = 2D6E46E322C1B50D0073E56F /* ActivityDetailViewController.swift */; };
		2D915F6822D5BA79009DD06B /* kSCTAd.jpg in Resources */ = {isa = PBXBuildFile; fileRef = 2D915F6722D5BA78009DD06B /* kSCTAd.jpg */; };
		2D915F7022D5C28F009DD06B /* photo-camera-edited_opt-2.png in Resources */ = {isa = PBXBuildFile; fileRef = 2D915F6F22D5C28F009DD06B /* photo-camera-edited_opt-2.png */; };
		2D915F7222D6E27E009DD06B /* UIImage+Addon.swift in Sources */ = {isa = PBXBuildFile; fileRef = 2D915F7122D6E27E009DD06B /* UIImage+Addon.swift */; };
		2D915F7422D753E0009DD06B /* messageImage_1562843983676.jpg in Resources */ = {isa = PBXBuildFile; fileRef = 2D915F7322D753E0009DD06B /* messageImage_1562843983676.jpg */; };
		2D915F8A22D75D3C009DD06B /* Assets.xcassets in Resources */ = {isa = PBXBuildFile; fileRef = 2D915F8922D75D3C009DD06B /* Assets.xcassets */; };
		2D915F9722D824BD009DD06B /* infoUIView.swift in Sources */ = {isa = PBXBuildFile; fileRef = 2D915F9622D824BD009DD06B /* infoUIView.swift */; };
		2D915F9E22D85B44009DD06B /* CoreDataHelper.swift in Sources */ = {isa = PBXBuildFile; fileRef = 2D915F9D22D85B43009DD06B /* CoreDataHelper.swift */; };
		2DB96BE422D873A9001C1AE6 /* GoogleService-Info.plist in Resources */ = {isa = PBXBuildFile; fileRef = 2DB96BE322D873A8001C1AE6 /* GoogleService-Info.plist */; };
		2DF7CA3522DDB3B200A93AA8 /* basketballCellIcon.png in Resources */ = {isa = PBXBuildFile; fileRef = 2DF7CA3422DDB3B100A93AA8 /* basketballCellIcon.png */; };
		2DF7CA3722DDB6B400A93AA8 /* basketballCellIcon (1).png in Resources */ = {isa = PBXBuildFile; fileRef = 2DF7CA3622DDB6B400A93AA8 /* basketballCellIcon (1).png */; };
		2DF7CA3A22DDC03B00A93AA8 /* BasketballTableViewCell.swift in Sources */ = {isa = PBXBuildFile; fileRef = 2DF7CA3822DDC03B00A93AA8 /* BasketballTableViewCell.swift */; };
		2DF7CA3B22DDC03B00A93AA8 /* BasketballTableViewCell.xib in Resources */ = {isa = PBXBuildFile; fileRef = 2DF7CA3922DDC03B00A93AA8 /* BasketballTableViewCell.xib */; };
		2DF7CA4422DDCB0C00A93AA8 /* swimBack.jpg in Resources */ = {isa = PBXBuildFile; fileRef = 2DF7CA4322DDCB0C00A93AA8 /* swimBack.jpg */; };
		2DF7CA4B22DDCB2200A93AA8 /* soccerBack.jpg in Resources */ = {isa = PBXBuildFile; fileRef = 2DF7CA4722DDCB2100A93AA8 /* soccerBack.jpg */; };
		2DF7CA5322DDE0C500A93AA8 /* volleyballBack.jpg in Resources */ = {isa = PBXBuildFile; fileRef = 2DF7CA4D22DDE0BF00A93AA8 /* volleyballBack.jpg */; };
		2DF7CA5422DDE0C500A93AA8 /* workoutBack.jpg in Resources */ = {isa = PBXBuildFile; fileRef = 2DF7CA4E22DDE0BF00A93AA8 /* workoutBack.jpg */; };
		2DF7CA5522DDE0C500A93AA8 /* tennisBack.jpg in Resources */ = {isa = PBXBuildFile; fileRef = 2DF7CA4F22DDE0C000A93AA8 /* tennisBack.jpg */; };
		2DF7CA5622DDE0C500A93AA8 /* badmintonBack.jpg in Resources */ = {isa = PBXBuildFile; fileRef = 2DF7CA5022DDE0C200A93AA8 /* badmintonBack.jpg */; };
		2DF7CA5722DDE0C500A93AA8 /* basketballBack.jpg in Resources */ = {isa = PBXBuildFile; fileRef = 2DF7CA5122DDE0C300A93AA8 /* basketballBack.jpg */; };
		2DF7CA5822DDE0C500A93AA8 /* baseballBack.png in Resources */ = {isa = PBXBuildFile; fileRef = 2DF7CA5222DDE0C400A93AA8 /* baseballBack.png */; };
		2DF7CA6722DDE24300A93AA8 /* 120*120.jpg in Resources */ = {isa = PBXBuildFile; fileRef = 2DF7CA5C22DDE23A00A93AA8 /* 120*120.jpg */; };
		2DF7CA6822DDE24300A93AA8 /* 58*58.jpg in Resources */ = {isa = PBXBuildFile; fileRef = 2DF7CA5D22DDE23A00A93AA8 /* 58*58.jpg */; };
		2DF7CA6922DDE24300A93AA8 /* 167*167.jpg in Resources */ = {isa = PBXBuildFile; fileRef = 2DF7CA5F22DDE23B00A93AA8 /* 167*167.jpg */; };
		2DF7CA6A22DDE24300A93AA8 /* 20*20.jpg in Resources */ = {isa = PBXBuildFile; fileRef = 2DF7CA6022DDE23C00A93AA8 /* 20*20.jpg */; };
		2DF7CA6B22DDE24300A93AA8 /* 180*180.jpg in Resources */ = {isa = PBXBuildFile; fileRef = 2DF7CA6122DDE23D00A93AA8 /* 180*180.jpg */; };
		2DF7CA6C22DDE24300A93AA8 /* 40*40.jpg in Resources */ = {isa = PBXBuildFile; fileRef = 2DF7CA6222DDE23E00A93AA8 /* 40*40.jpg */; };
		2DF7CA6D22DDE24300A93AA8 /* 76*76.jpg in Resources */ = {isa = PBXBuildFile; fileRef = 2DF7CA6322DDE23F00A93AA8 /* 76*76.jpg */; };
		2DF7CA6E22DDE24300A93AA8 /* 60*60.jpg in Resources */ = {isa = PBXBuildFile; fileRef = 2DF7CA6422DDE24100A93AA8 /* 60*60.jpg */; };
		2DF7CA6F22DDE24300A93AA8 /* 80*80.jpg in Resources */ = {isa = PBXBuildFile; fileRef = 2DF7CA6522DDE24200A93AA8 /* 80*80.jpg */; };
		2DF7CA7022DDE24300A93AA8 /* 87*87.jpg in Resources */ = {isa = PBXBuildFile; fileRef = 2DF7CA6622DDE24300A93AA8 /* 87*87.jpg */; };
		2DF7CA7222DDE2BE00A93AA8 /* 29*29.jpg in Resources */ = {isa = PBXBuildFile; fileRef = 2DF7CA7122DDE2BE00A93AA8 /* 29*29.jpg */; };
		2DF7CA7422DDE32100A93AA8 /* 152*152.jpg in Resources */ = {isa = PBXBuildFile; fileRef = 2DF7CA7322DDE32100A93AA8 /* 152*152.jpg */; };
		2DF7CA7622DDE38700A93AA8 /* messageImage_1562843983676.jpg in Resources */ = {isa = PBXBuildFile; fileRef = 2DF7CA7522DDE38500A93AA8 /* messageImage_1562843983676.jpg */; };
		2DF7CA7822DDF21B00A93AA8 /* Icon-App-29x29@2x.png in Resources */ = {isa = PBXBuildFile; fileRef = 2DF7CA7722DDF21A00A93AA8 /* Icon-App-29x29@2x.png */; };
		2DF7CA7A22DDF29D00A93AA8 /* respect-2.png in Resources */ = {isa = PBXBuildFile; fileRef = 2DF7CA7922DDF29C00A93AA8 /* respect-2.png */; };
		2DF7CA7C22DDF4EE00A93AA8 /* search.png in Resources */ = {isa = PBXBuildFile; fileRef = 2DF7CA7B22DDF4ED00A93AA8 /* search.png */; };
		2DF7CA7E22DDF52000A93AA8 /* location.png in Resources */ = {isa = PBXBuildFile; fileRef = 2DF7CA7D22DDF51F00A93AA8 /* location.png */; };
		2DF7CA8022DDF59100A93AA8 /* user.png in Resources */ = {isa = PBXBuildFile; fileRef = 2DF7CA7F22DDF59000A93AA8 /* user.png */; };
		2DF7CA8422DDF60600A93AA8 /* participation.png in Resources */ = {isa = PBXBuildFile; fileRef = 2DF7CA8322DDF60500A93AA8 /* participation.png */; };
		2DF7CA8622DE1B4F00A93AA8 /* info.png in Resources */ = {isa = PBXBuildFile; fileRef = 2DF7CA8522DE1B4F00A93AA8 /* info.png */; };
		2DF7CA8822DE1C3000A93AA8 /* info-2.png in Resources */ = {isa = PBXBuildFile; fileRef = 2DF7CA8722DE1C2F00A93AA8 /* info-2.png */; };
		2DF7CA8A22DE1DB400A93AA8 /* info-3.png in Resources */ = {isa = PBXBuildFile; fileRef = 2DF7CA8922DE1DB300A93AA8 /* info-3.png */; };
		2DF7CA8C22DE262E00A93AA8 /* MemberCenterViewController.swift in Sources */ = {isa = PBXBuildFile; fileRef = 2DF7CA8B22DE262E00A93AA8 /* MemberCenterViewController.swift */; };
		2DF7CA8E22DE270300A93AA8 /* MemberDetailCell.swift in Sources */ = {isa = PBXBuildFile; fileRef = 2DF7CA8D22DE270300A93AA8 /* MemberDetailCell.swift */; };
		2DFD9DCE22A8F7B1006A58E2 /* AuthTestViewController.swift in Sources */ = {isa = PBXBuildFile; fileRef = 2DFD9DCA22A8F7B1006A58E2 /* AuthTestViewController.swift */; };
		2DFD9DD122A8F7B1006A58E2 /* SignUpViewController.swift in Sources */ = {isa = PBXBuildFile; fileRef = 2DFD9DCD22A8F7B1006A58E2 /* SignUpViewController.swift */; };
		2DFD9DD322A8F950006A58E2 /* AppDelegate.swift in Sources */ = {isa = PBXBuildFile; fileRef = 2DFD9DD222A8F950006A58E2 /* AppDelegate.swift */; };
		2DFD9DD922A8FAA1006A58E2 /* Launch Screen.storyboard in Resources */ = {isa = PBXBuildFile; fileRef = 2DFD9DD822A8FAA1006A58E2 /* Launch Screen.storyboard */; };
		2DFD9DDD22A900F6006A58E2 /* Main.storyboard in Resources */ = {isa = PBXBuildFile; fileRef = 2DFD9DDC22A900F6006A58E2 /* Main.storyboard */; };
		2DFF168122B0AF4F002F4EE9 /* CreateActivityViewController.swift in Sources */ = {isa = PBXBuildFile; fileRef = 2DFF168022B0AF4F002F4EE9 /* CreateActivityViewController.swift */; };
		2DFF168522B0C674002F4EE9 /* backArrowIcon_white.png in Resources */ = {isa = PBXBuildFile; fileRef = 2DFF168422B0C674002F4EE9 /* backArrowIcon_white.png */; };
		2DFF16A722B22D77002F4EE9 /* ViewController.swift in Sources */ = {isa = PBXBuildFile; fileRef = 2DFF16A622B22D77002F4EE9 /* ViewController.swift */; };
		2DFF16AD22B259DF002F4EE9 /* TabbarViewController.swift in Sources */ = {isa = PBXBuildFile; fileRef = 2DFF16AC22B259DF002F4EE9 /* TabbarViewController.swift */; };
		2DFF16AF22B25A61002F4EE9 /* MainNavigationViewController.swift in Sources */ = {isa = PBXBuildFile; fileRef = 2DFF16AE22B25A61002F4EE9 /* MainNavigationViewController.swift */; };
		2DFF16B122B264F4002F4EE9 /* HanaMinA.ttf in Resources */ = {isa = PBXBuildFile; fileRef = 2DFF16B022B264F4002F4EE9 /* HanaMinA.ttf */; };
		2DFF16F522B52A15002F4EE9 /* Method.swift in Sources */ = {isa = PBXBuildFile; fileRef = 2DFF16F422B52A15002F4EE9 /* Method.swift */; };
		2DFF16F722B60F2B002F4EE9 /* MapViewController.swift in Sources */ = {isa = PBXBuildFile; fileRef = 2DFF16F622B60F2B002F4EE9 /* MapViewController.swift */; };
		773815AD59FA5DB58325ECD6 /* Pods_Sweater.framework in Frameworks */ = {isa = PBXBuildFile; fileRef = 323902E647465D1EEE1FDB1D /* Pods_Sweater.framework */; };
/* End PBXBuildFile section */

/* Begin PBXFileReference section */
		2D017B2422C1F1ED004E5C00 /* ActivityNavigationController.swift */ = {isa = PBXFileReference; lastKnownFileType = sourcecode.swift; path = ActivityNavigationController.swift; sourceTree = "<group>"; };
		2D017B2622C33F22004E5C00 /* Manager.swift */ = {isa = PBXFileReference; lastKnownFileType = sourcecode.swift; path = Manager.swift; sourceTree = "<group>"; };
		2D060E2B22AE0CF300BA34A6 /* Account.swift */ = {isa = PBXFileReference; lastKnownFileType = sourcecode.swift; path = Account.swift; sourceTree = "<group>"; };
		2D08B36822CDAD64004D1007 /* ChatRoomViewController.swift */ = {isa = PBXFileReference; lastKnownFileType = sourcecode.swift; path = ChatRoomViewController.swift; sourceTree = "<group>"; };
		2D08B36A22CDB50A004D1007 /* Mesage.swift */ = {isa = PBXFileReference; lastKnownFileType = sourcecode.swift; path = Mesage.swift; sourceTree = "<group>"; };
		2D08B36C22CDC411004D1007 /* ParticipateActivityViewController.swift */ = {isa = PBXFileReference; lastKnownFileType = sourcecode.swift; path = ParticipateActivityViewController.swift; sourceTree = "<group>"; };
		2D08B36E22CF239B004D1007 /* UICollectionView+Additions.swift */ = {isa = PBXFileReference; lastKnownFileType = sourcecode.swift; path = "UICollectionView+Additions.swift"; sourceTree = "<group>"; };
		2D08B37222CF2C58004D1007 /* UIColor+Additions.swift */ = {isa = PBXFileReference; lastKnownFileType = sourcecode.swift; path = "UIColor+Additions.swift"; sourceTree = "<group>"; };
		2D08B37422D3036E004D1007 /* Channel.swift */ = {isa = PBXFileReference; lastKnownFileType = sourcecode.swift; path = Channel.swift; sourceTree = "<group>"; };
		2D08B37622D304A7004D1007 /* DatabaseRepresentation.swift */ = {isa = PBXFileReference; lastKnownFileType = sourcecode.swift; path = DatabaseRepresentation.swift; sourceTree = "<group>"; };
		2D08B37A22D44495004D1007 /* photo-camera-2.png */ = {isa = PBXFileReference; lastKnownFileType = image.png; path = "photo-camera-2.png"; sourceTree = "<group>"; };
		2D08B37C22D44540004D1007 /* picture.png */ = {isa = PBXFileReference; lastKnownFileType = image.png; path = picture.png; sourceTree = "<group>"; };
		2D08B37E22D46636004D1007 /* send.png */ = {isa = PBXFileReference; lastKnownFileType = image.png; path = send.png; sourceTree = "<group>"; };
		2D08B38122D48F2D004D1007 /* SettingViewController.swift */ = {isa = PBXFileReference; lastKnownFileType = sourcecode.swift; path = SettingViewController.swift; sourceTree = "<group>"; };
		2D204A6B22AFE04200D8749A /* Second.storyboard */ = {isa = PBXFileReference; lastKnownFileType = file.storyboard; path = Second.storyboard; sourceTree = "<group>"; };
		2D204A6D22AFF8F600D8749A /* MainViewController.swift */ = {isa = PBXFileReference; lastKnownFileType = sourcecode.swift; path = MainViewController.swift; sourceTree = "<group>"; };
		2D204A7222B0A13300D8749A /* mainBackground.jpg */ = {isa = PBXFileReference; lastKnownFileType = image.jpeg; path = mainBackground.jpg; sourceTree = "<group>"; };
		2D204A7622B0A44A00D8749A /* basketball.png */ = {isa = PBXFileReference; lastKnownFileType = image.png; path = basketball.png; sourceTree = "<group>"; };
		2D204A7A22B0A75400D8749A /* badminton.png */ = {isa = PBXFileReference; lastKnownFileType = image.png; path = badminton.png; sourceTree = "<group>"; };
		2D3F3FC4226F15360098B414 /* Sweater.app */ = {isa = PBXFileReference; explicitFileType = wrapper.application; includeInIndex = 0; path = Sweater.app; sourceTree = BUILT_PRODUCTS_DIR; };
		2D3F3FD5226F15370098B414 /* Info.plist */ = {isa = PBXFileReference; lastKnownFileType = text.plist.xml; path = Info.plist; sourceTree = "<group>"; };
		2D5F5FF022D97E9B00F09543 /* Sweater.xcdatamodel */ = {isa = PBXFileReference; lastKnownFileType = wrapper.xcdatamodel; path = Sweater.xcdatamodel; sourceTree = "<group>"; };
		2D6E43CD22B774FF0073E56F /* TestViewController.swift */ = {isa = PBXFileReference; lastKnownFileType = sourcecode.swift; path = TestViewController.swift; sourceTree = "<group>"; };
		2D6E43CF22B77D4B0073E56F /* MapSelectionViewController.swift */ = {isa = PBXFileReference; lastKnownFileType = sourcecode.swift; path = MapSelectionViewController.swift; sourceTree = "<group>"; };
		2D6E43EF22B8ECD80073E56F /* MapData.swift */ = {isa = PBXFileReference; lastKnownFileType = sourcecode.swift; path = MapData.swift; sourceTree = "<group>"; };
		2D6E43F222B9D42F0073E56F /* CustomAnnotation.swift */ = {isa = PBXFileReference; lastKnownFileType = sourcecode.swift; path = CustomAnnotation.swift; sourceTree = "<group>"; };
		2D6E441522BB18100073E56F /* ActivityListCell.swift */ = {isa = PBXFileReference; lastKnownFileType = sourcecode.swift; path = ActivityListCell.swift; sourceTree = "<group>"; };
		2D6E441622BB18100073E56F /* ActivityListCell.xib */ = {isa = PBXFileReference; lastKnownFileType = file.xib; path = ActivityListCell.xib; sourceTree = "<group>"; };
		2D6E441922BB57430073E56F /* ActivityListViewController.swift */ = {isa = PBXFileReference; lastKnownFileType = sourcecode.swift; path = ActivityListViewController.swift; sourceTree = "<group>"; };
		2D6E441B22BB5A750073E56F /* Activity.swift */ = {isa = PBXFileReference; lastKnownFileType = sourcecode.swift; path = Activity.swift; sourceTree = "<group>"; };
		2D6E46E322C1B50D0073E56F /* ActivityDetailViewController.swift */ = {isa = PBXFileReference; lastKnownFileType = sourcecode.swift; path = ActivityDetailViewController.swift; sourceTree = "<group>"; };
		2D915F6722D5BA78009DD06B /* kSCTAd.jpg */ = {isa = PBXFileReference; lastKnownFileType = image.jpeg; path = kSCTAd.jpg; sourceTree = "<group>"; };
		2D915F6F22D5C28F009DD06B /* photo-camera-edited_opt-2.png */ = {isa = PBXFileReference; lastKnownFileType = image.png; path = "photo-camera-edited_opt-2.png"; sourceTree = "<group>"; };
		2D915F7122D6E27E009DD06B /* UIImage+Addon.swift */ = {isa = PBXFileReference; lastKnownFileType = sourcecode.swift; path = "UIImage+Addon.swift"; sourceTree = "<group>"; };
		2D915F7322D753E0009DD06B /* messageImage_1562843983676.jpg */ = {isa = PBXFileReference; lastKnownFileType = image.jpeg; path = messageImage_1562843983676.jpg; sourceTree = "<group>"; };
		2D915F8922D75D3C009DD06B /* Assets.xcassets */ = {isa = PBXFileReference; lastKnownFileType = folder.assetcatalog; path = Assets.xcassets; sourceTree = "<group>"; };
		2D915F9622D824BD009DD06B /* infoUIView.swift */ = {isa = PBXFileReference; lastKnownFileType = sourcecode.swift; path = infoUIView.swift; sourceTree = "<group>"; };
		2D915F9D22D85B43009DD06B /* CoreDataHelper.swift */ = {isa = PBXFileReference; fileEncoding = 4; lastKnownFileType = sourcecode.swift; name = CoreDataHelper.swift; path = ../../MAPD25_NoteApp/NoteApp_beforeTest/NoteApp_beforeTest/CoreDataHelper.swift; sourceTree = "<group>"; };
		2DB96BE322D873A8001C1AE6 /* GoogleService-Info.plist */ = {isa = PBXFileReference; fileEncoding = 4; lastKnownFileType = text.plist.xml; path = "GoogleService-Info.plist"; sourceTree = "<group>"; };
		2DF7CA3422DDB3B100A93AA8 /* basketballCellIcon.png */ = {isa = PBXFileReference; lastKnownFileType = image.png; path = basketballCellIcon.png; sourceTree = "<group>"; };
		2DF7CA3622DDB6B400A93AA8 /* basketballCellIcon (1).png */ = {isa = PBXFileReference; lastKnownFileType = image.png; path = "basketballCellIcon (1).png"; sourceTree = "<group>"; };
		2DF7CA3822DDC03B00A93AA8 /* BasketballTableViewCell.swift */ = {isa = PBXFileReference; lastKnownFileType = sourcecode.swift; path = BasketballTableViewCell.swift; sourceTree = "<group>"; };
		2DF7CA3922DDC03B00A93AA8 /* BasketballTableViewCell.xib */ = {isa = PBXFileReference; lastKnownFileType = file.xib; path = BasketballTableViewCell.xib; sourceTree = "<group>"; };
		2DF7CA4322DDCB0C00A93AA8 /* swimBack.jpg */ = {isa = PBXFileReference; lastKnownFileType = image.jpeg; path = swimBack.jpg; sourceTree = "<group>"; };
		2DF7CA4722DDCB2100A93AA8 /* soccerBack.jpg */ = {isa = PBXFileReference; lastKnownFileType = image.jpeg; path = soccerBack.jpg; sourceTree = "<group>"; };
		2DF7CA4D22DDE0BF00A93AA8 /* volleyballBack.jpg */ = {isa = PBXFileReference; lastKnownFileType = image.jpeg; path = volleyballBack.jpg; sourceTree = "<group>"; };
		2DF7CA4E22DDE0BF00A93AA8 /* workoutBack.jpg */ = {isa = PBXFileReference; lastKnownFileType = image.jpeg; path = workoutBack.jpg; sourceTree = "<group>"; };
		2DF7CA4F22DDE0C000A93AA8 /* tennisBack.jpg */ = {isa = PBXFileReference; lastKnownFileType = image.jpeg; path = tennisBack.jpg; sourceTree = "<group>"; };
		2DF7CA5022DDE0C200A93AA8 /* badmintonBack.jpg */ = {isa = PBXFileReference; lastKnownFileType = image.jpeg; path = badmintonBack.jpg; sourceTree = "<group>"; };
		2DF7CA5122DDE0C300A93AA8 /* basketballBack.jpg */ = {isa = PBXFileReference; lastKnownFileType = image.jpeg; path = basketballBack.jpg; sourceTree = "<group>"; };
		2DF7CA5222DDE0C400A93AA8 /* baseballBack.png */ = {isa = PBXFileReference; lastKnownFileType = image.png; path = baseballBack.png; sourceTree = "<group>"; };
		2DF7CA5C22DDE23A00A93AA8 /* 120*120.jpg */ = {isa = PBXFileReference; lastKnownFileType = image.jpeg; path = "120*120.jpg"; sourceTree = "<group>"; };
		2DF7CA5D22DDE23A00A93AA8 /* 58*58.jpg */ = {isa = PBXFileReference; lastKnownFileType = image.jpeg; path = "58*58.jpg"; sourceTree = "<group>"; };
		2DF7CA5F22DDE23B00A93AA8 /* 167*167.jpg */ = {isa = PBXFileReference; lastKnownFileType = image.jpeg; path = "167*167.jpg"; sourceTree = "<group>"; };
		2DF7CA6022DDE23C00A93AA8 /* 20*20.jpg */ = {isa = PBXFileReference; lastKnownFileType = image.jpeg; path = "20*20.jpg"; sourceTree = "<group>"; };
		2DF7CA6122DDE23D00A93AA8 /* 180*180.jpg */ = {isa = PBXFileReference; lastKnownFileType = image.jpeg; path = "180*180.jpg"; sourceTree = "<group>"; };
		2DF7CA6222DDE23E00A93AA8 /* 40*40.jpg */ = {isa = PBXFileReference; lastKnownFileType = image.jpeg; path = "40*40.jpg"; sourceTree = "<group>"; };
		2DF7CA6322DDE23F00A93AA8 /* 76*76.jpg */ = {isa = PBXFileReference; lastKnownFileType = image.jpeg; path = "76*76.jpg"; sourceTree = "<group>"; };
		2DF7CA6422DDE24100A93AA8 /* 60*60.jpg */ = {isa = PBXFileReference; lastKnownFileType = image.jpeg; path = "60*60.jpg"; sourceTree = "<group>"; };
		2DF7CA6522DDE24200A93AA8 /* 80*80.jpg */ = {isa = PBXFileReference; lastKnownFileType = image.jpeg; path = "80*80.jpg"; sourceTree = "<group>"; };
		2DF7CA6622DDE24300A93AA8 /* 87*87.jpg */ = {isa = PBXFileReference; lastKnownFileType = image.jpeg; path = "87*87.jpg"; sourceTree = "<group>"; };
		2DF7CA7122DDE2BE00A93AA8 /* 29*29.jpg */ = {isa = PBXFileReference; lastKnownFileType = image.jpeg; name = "29*29.jpg"; path = "../../../../Downloads/29*29.jpg"; sourceTree = "<group>"; };
		2DF7CA7322DDE32100A93AA8 /* 152*152.jpg */ = {isa = PBXFileReference; lastKnownFileType = image.jpeg; path = "152*152.jpg"; sourceTree = "<group>"; };
		2DF7CA7522DDE38500A93AA8 /* messageImage_1562843983676.jpg */ = {isa = PBXFileReference; lastKnownFileType = image.jpeg; path = messageImage_1562843983676.jpg; sourceTree = "<group>"; };
		2DF7CA7722DDF21A00A93AA8 /* Icon-App-29x29@2x.png */ = {isa = PBXFileReference; lastKnownFileType = image.png; path = "Icon-App-29x29@2x.png"; sourceTree = "<group>"; };
		2DF7CA7922DDF29C00A93AA8 /* respect-2.png */ = {isa = PBXFileReference; lastKnownFileType = image.png; path = "respect-2.png"; sourceTree = "<group>"; };
		2DF7CA7B22DDF4ED00A93AA8 /* search.png */ = {isa = PBXFileReference; lastKnownFileType = image.png; path = search.png; sourceTree = "<group>"; };
		2DF7CA7D22DDF51F00A93AA8 /* location.png */ = {isa = PBXFileReference; lastKnownFileType = image.png; path = location.png; sourceTree = "<group>"; };
		2DF7CA7F22DDF59000A93AA8 /* user.png */ = {isa = PBXFileReference; lastKnownFileType = image.png; path = user.png; sourceTree = "<group>"; };
		2DF7CA8322DDF60500A93AA8 /* participation.png */ = {isa = PBXFileReference; lastKnownFileType = image.png; path = participation.png; sourceTree = "<group>"; };
		2DF7CA8522DE1B4F00A93AA8 /* info.png */ = {isa = PBXFileReference; lastKnownFileType = image.png; path = info.png; sourceTree = "<group>"; };
		2DF7CA8722DE1C2F00A93AA8 /* info-2.png */ = {isa = PBXFileReference; lastKnownFileType = image.png; path = "info-2.png"; sourceTree = "<group>"; };
		2DF7CA8922DE1DB300A93AA8 /* info-3.png */ = {isa = PBXFileReference; lastKnownFileType = image.png; path = "info-3.png"; sourceTree = "<group>"; };
		2DF7CA8B22DE262E00A93AA8 /* MemberCenterViewController.swift */ = {isa = PBXFileReference; lastKnownFileType = sourcecode.swift; path = MemberCenterViewController.swift; sourceTree = "<group>"; };
		2DF7CA8D22DE270300A93AA8 /* MemberDetailCell.swift */ = {isa = PBXFileReference; lastKnownFileType = sourcecode.swift; path = MemberDetailCell.swift; sourceTree = "<group>"; };
		2DFD9DCA22A8F7B1006A58E2 /* AuthTestViewController.swift */ = {isa = PBXFileReference; fileEncoding = 4; lastKnownFileType = sourcecode.swift; path = AuthTestViewController.swift; sourceTree = "<group>"; };
		2DFD9DCD22A8F7B1006A58E2 /* SignUpViewController.swift */ = {isa = PBXFileReference; fileEncoding = 4; lastKnownFileType = sourcecode.swift; path = SignUpViewController.swift; sourceTree = "<group>"; };
		2DFD9DD222A8F950006A58E2 /* AppDelegate.swift */ = {isa = PBXFileReference; fileEncoding = 4; lastKnownFileType = sourcecode.swift; path = AppDelegate.swift; sourceTree = "<group>"; };
		2DFD9DD622A8FA52006A58E2 /* GoogleService-Info.plist */ = {isa = PBXFileReference; fileEncoding = 4; lastKnownFileType = text.plist.xml; path = "GoogleService-Info.plist"; sourceTree = "<group>"; };
		2DFD9DD822A8FAA1006A58E2 /* Launch Screen.storyboard */ = {isa = PBXFileReference; lastKnownFileType = file.storyboard; path = "Launch Screen.storyboard"; sourceTree = "<group>"; };
		2DFD9DDC22A900F6006A58E2 /* Main.storyboard */ = {isa = PBXFileReference; lastKnownFileType = file.storyboard; path = Main.storyboard; sourceTree = "<group>"; };
		2DFF168022B0AF4F002F4EE9 /* CreateActivityViewController.swift */ = {isa = PBXFileReference; lastKnownFileType = sourcecode.swift; path = CreateActivityViewController.swift; sourceTree = "<group>"; };
		2DFF168422B0C674002F4EE9 /* backArrowIcon_white.png */ = {isa = PBXFileReference; lastKnownFileType = image.png; path = backArrowIcon_white.png; sourceTree = "<group>"; };
		2DFF16A622B22D77002F4EE9 /* ViewController.swift */ = {isa = PBXFileReference; lastKnownFileType = sourcecode.swift; path = ViewController.swift; sourceTree = "<group>"; };
		2DFF16AC22B259DF002F4EE9 /* TabbarViewController.swift */ = {isa = PBXFileReference; lastKnownFileType = sourcecode.swift; path = TabbarViewController.swift; sourceTree = "<group>"; };
		2DFF16AE22B25A61002F4EE9 /* MainNavigationViewController.swift */ = {isa = PBXFileReference; lastKnownFileType = sourcecode.swift; path = MainNavigationViewController.swift; sourceTree = "<group>"; };
		2DFF16B022B264F4002F4EE9 /* HanaMinA.ttf */ = {isa = PBXFileReference; lastKnownFileType = file; path = HanaMinA.ttf; sourceTree = "<group>"; };
		2DFF16F422B52A15002F4EE9 /* Method.swift */ = {isa = PBXFileReference; lastKnownFileType = sourcecode.swift; path = Method.swift; sourceTree = "<group>"; };
		2DFF16F622B60F2B002F4EE9 /* MapViewController.swift */ = {isa = PBXFileReference; lastKnownFileType = sourcecode.swift; path = MapViewController.swift; sourceTree = "<group>"; };
		323902E647465D1EEE1FDB1D /* Pods_Sweater.framework */ = {isa = PBXFileReference; explicitFileType = wrapper.framework; includeInIndex = 0; path = Pods_Sweater.framework; sourceTree = BUILT_PRODUCTS_DIR; };
		725CE9A90FC3F29FE9AF2593 /* Pods-Sweater.release.xcconfig */ = {isa = PBXFileReference; includeInIndex = 1; lastKnownFileType = text.xcconfig; name = "Pods-Sweater.release.xcconfig"; path = "Target Support Files/Pods-Sweater/Pods-Sweater.release.xcconfig"; sourceTree = "<group>"; };
		9E8B81BA9AC1E0AEDD2507E4 /* Pods-Sweater.debug.xcconfig */ = {isa = PBXFileReference; includeInIndex = 1; lastKnownFileType = text.xcconfig; name = "Pods-Sweater.debug.xcconfig"; path = "Target Support Files/Pods-Sweater/Pods-Sweater.debug.xcconfig"; sourceTree = "<group>"; };
/* End PBXFileReference section */

/* Begin PBXFrameworksBuildPhase section */
		2D3F3FC1226F15360098B414 /* Frameworks */ = {
			isa = PBXFrameworksBuildPhase;
			buildActionMask = 2147483647;
			files = (
				773815AD59FA5DB58325ECD6 /* Pods_Sweater.framework in Frameworks */,
			);
			runOnlyForDeploymentPostprocessing = 0;
		};
/* End PBXFrameworksBuildPhase section */

/* Begin PBXGroup section */
		2D060E2D22AE39D600BA34A6 /* Account */ = {
			isa = PBXGroup;
			children = (
				2D060E2B22AE0CF300BA34A6 /* Account.swift */,
				2DFD9DCA22A8F7B1006A58E2 /* AuthTestViewController.swift */,
				2DFD9DCD22A8F7B1006A58E2 /* SignUpViewController.swift */,
				2DFD9DDC22A900F6006A58E2 /* Main.storyboard */,
				2DFF16A622B22D77002F4EE9 /* ViewController.swift */,
				2DF7CA8B22DE262E00A93AA8 /* MemberCenterViewController.swift */,
				2DF7CA8D22DE270300A93AA8 /* MemberDetailCell.swift */,
			);
			path = Account;
			sourceTree = "<group>";
		};
		2D060E8922AFDDD800BA34A6 /* plist */ = {
			isa = PBXGroup;
			children = (
				2D3F3FD5226F15370098B414 /* Info.plist */,
			);
			path = plist;
			sourceTree = "<group>";
		};
		2D060E8C22AFDE3800BA34A6 /* Recovered References */ = {
			isa = PBXGroup;
			children = (
				2DFD9DD622A8FA52006A58E2 /* GoogleService-Info.plist */,
			);
			name = "Recovered References";
			sourceTree = "<group>";
		};
		2D08B36722CDABD9004D1007 /* Chat */ = {
			isa = PBXGroup;
			children = (
				2D08B36822CDAD64004D1007 /* ChatRoomViewController.swift */,
				2D08B36A22CDB50A004D1007 /* Mesage.swift */,
				2D08B36C22CDC411004D1007 /* ParticipateActivityViewController.swift */,
				2D08B37422D3036E004D1007 /* Channel.swift */,
				2D08B37622D304A7004D1007 /* DatabaseRepresentation.swift */,
				2D915F9622D824BD009DD06B /* infoUIView.swift */,
			);
			path = Chat;
			sourceTree = "<group>";
		};
		2D08B37122CF2C3D004D1007 /* Addons */ = {
			isa = PBXGroup;
			children = (
				2D08B36E22CF239B004D1007 /* UICollectionView+Additions.swift */,
				2D08B37222CF2C58004D1007 /* UIColor+Additions.swift */,
				2D915F7122D6E27E009DD06B /* UIImage+Addon.swift */,
			);
			path = Addons;
			sourceTree = "<group>";
		};
		2D08B38022D48F06004D1007 /* Setting */ = {
			isa = PBXGroup;
			children = (
				2D08B38122D48F2D004D1007 /* SettingViewController.swift */,
			);
			path = Setting;
			sourceTree = "<group>";
		};
		2D204A6F22B08D0E00D8749A /* Image */ = {
			isa = PBXGroup;
			children = (
				2DF7CA7522DDE38500A93AA8 /* messageImage_1562843983676.jpg */,
				2DF7CA5922DDE20600A93AA8 /* Appicons */,
				2DF7CA3C22DDCA7100A93AA8 /* MainBackground */,
				2D915F8922D75D3C009DD06B /* Assets.xcassets */,
				2DF7CA8322DDF60500A93AA8 /* participation.png */,
				2DF7CA7F22DDF59000A93AA8 /* user.png */,
				2DF7CA7B22DDF4ED00A93AA8 /* search.png */,
				2DF7CA7D22DDF51F00A93AA8 /* location.png */,
				2DF7CA3422DDB3B100A93AA8 /* basketballCellIcon.png */,
				2DF7CA7722DDF21A00A93AA8 /* Icon-App-29x29@2x.png */,
				2DF7CA3622DDB6B400A93AA8 /* basketballCellIcon (1).png */,
				2DF7CA7922DDF29C00A93AA8 /* respect-2.png */,
				2D08B37E22D46636004D1007 /* send.png */,
				2D08B37A22D44495004D1007 /* photo-camera-2.png */,
				2D08B37C22D44540004D1007 /* picture.png */,
				2DFF16B022B264F4002F4EE9 /* HanaMinA.ttf */,
				2D915F6F22D5C28F009DD06B /* photo-camera-edited_opt-2.png */,
				2D204A7222B0A13300D8749A /* mainBackground.jpg */,
				2D915F6722D5BA78009DD06B /* kSCTAd.jpg */,
				2D204A7622B0A44A00D8749A /* basketball.png */,
				2D915F7322D753E0009DD06B /* messageImage_1562843983676.jpg */,
				2DFF168422B0C674002F4EE9 /* backArrowIcon_white.png */,
				2D204A7A22B0A75400D8749A /* badminton.png */,
				2DF7CA8522DE1B4F00A93AA8 /* info.png */,
				2DF7CA8722DE1C2F00A93AA8 /* info-2.png */,
				2DF7CA8922DE1DB300A93AA8 /* info-3.png */,
			);
			path = Image;
			sourceTree = "<group>";
		};
		2D3F3FBB226F15360098B414 = {
			isa = PBXGroup;
			children = (
				2D5F5FEF22D97E9B00F09543 /* Sweater.xcdatamodeld */,
				2D08B38022D48F06004D1007 /* Setting */,
				2D08B37122CF2C3D004D1007 /* Addons */,
				2DFD9DD822A8FAA1006A58E2 /* Launch Screen.storyboard */,
				2DB96BE322D873A8001C1AE6 /* GoogleService-Info.plist */,
				2D204A6F22B08D0E00D8749A /* Image */,
				2D060E2D22AE39D600BA34A6 /* Account */,
				2D3F3FC6226F15360098B414 /* Sweater */,
				2D6E43F122B9D3EA0073E56F /* Map */,
				2DFF167F22B0AEE6002F4EE9 /* Activity */,
				2D08B36722CDABD9004D1007 /* Chat */,
				2D3F3FC5226F15360098B414 /* Products */,
				2D060E8922AFDDD800BA34A6 /* plist */,
				CCB3970F92647DE1F3F14B75 /* Pods */,
				4EEB9B22BEDD6AAA2BC8FCC4 /* Frameworks */,
				2D060E8C22AFDE3800BA34A6 /* Recovered References */,
			);
			sourceTree = "<group>";
		};
		2D3F3FC5226F15360098B414 /* Products */ = {
			isa = PBXGroup;
			children = (
				2D3F3FC4226F15360098B414 /* Sweater.app */,
			);
			name = Products;
			sourceTree = "<group>";
		};
		2D3F3FC6226F15360098B414 /* Sweater */ = {
			isa = PBXGroup;
			children = (
				2DFD9DD222A8F950006A58E2 /* AppDelegate.swift */,
				2D204A6B22AFE04200D8749A /* Second.storyboard */,
				2D204A6D22AFF8F600D8749A /* MainViewController.swift */,
				2DFF16AC22B259DF002F4EE9 /* TabbarViewController.swift */,
				2DFF16AE22B25A61002F4EE9 /* MainNavigationViewController.swift */,
				2DFF16F422B52A15002F4EE9 /* Method.swift */,
				2D017B2622C33F22004E5C00 /* Manager.swift */,
				2D915F9D22D85B43009DD06B /* CoreDataHelper.swift */,
				2DF7CA3822DDC03B00A93AA8 /* BasketballTableViewCell.swift */,
				2DF7CA3922DDC03B00A93AA8 /* BasketballTableViewCell.xib */,
			);
			path = Sweater;
			sourceTree = "<group>";
		};
		2D6E43F122B9D3EA0073E56F /* Map */ = {
			isa = PBXGroup;
			children = (
				2D6E43EF22B8ECD80073E56F /* MapData.swift */,
				2DFF16F622B60F2B002F4EE9 /* MapViewController.swift */,
				2D6E43CF22B77D4B0073E56F /* MapSelectionViewController.swift */,
				2D6E43F222B9D42F0073E56F /* CustomAnnotation.swift */,
			);
			path = Map;
			sourceTree = "<group>";
		};
		2DF7CA3C22DDCA7100A93AA8 /* MainBackground */ = {
			isa = PBXGroup;
			children = (
				2DF7CA5222DDE0C400A93AA8 /* baseballBack.png */,
				2DF7CA5022DDE0C200A93AA8 /* badmintonBack.jpg */,
				2DF7CA5122DDE0C300A93AA8 /* basketballBack.jpg */,
				2DF7CA4F22DDE0C000A93AA8 /* tennisBack.jpg */,
				2DF7CA4D22DDE0BF00A93AA8 /* volleyballBack.jpg */,
				2DF7CA4E22DDE0BF00A93AA8 /* workoutBack.jpg */,
				2DF7CA4322DDCB0C00A93AA8 /* swimBack.jpg */,
				2DF7CA4722DDCB2100A93AA8 /* soccerBack.jpg */,
			);
			path = MainBackground;
			sourceTree = "<group>";
		};
		2DF7CA5922DDE20600A93AA8 /* Appicons */ = {
			isa = PBXGroup;
			children = (
				2DF7CA6022DDE23C00A93AA8 /* 20*20.jpg */,
				2DF7CA7122DDE2BE00A93AA8 /* 29*29.jpg */,
				2DF7CA6222DDE23E00A93AA8 /* 40*40.jpg */,
				2DF7CA5D22DDE23A00A93AA8 /* 58*58.jpg */,
				2DF7CA6422DDE24100A93AA8 /* 60*60.jpg */,
				2DF7CA6322DDE23F00A93AA8 /* 76*76.jpg */,
				2DF7CA6522DDE24200A93AA8 /* 80*80.jpg */,
				2DF7CA6622DDE24300A93AA8 /* 87*87.jpg */,
				2DF7CA5C22DDE23A00A93AA8 /* 120*120.jpg */,
				2DF7CA7322DDE32100A93AA8 /* 152*152.jpg */,
				2DF7CA5F22DDE23B00A93AA8 /* 167*167.jpg */,
				2DF7CA6122DDE23D00A93AA8 /* 180*180.jpg */,
			);
			path = Appicons;
			sourceTree = "<group>";
		};
		2DFF167F22B0AEE6002F4EE9 /* Activity */ = {
			isa = PBXGroup;
			children = (
				2DFF168022B0AF4F002F4EE9 /* CreateActivityViewController.swift */,
				2D6E43CD22B774FF0073E56F /* TestViewController.swift */,
				2D6E441522BB18100073E56F /* ActivityListCell.swift */,
				2D6E441622BB18100073E56F /* ActivityListCell.xib */,
				2D6E441922BB57430073E56F /* ActivityListViewController.swift */,
				2D6E441B22BB5A750073E56F /* Activity.swift */,
				2D6E46E322C1B50D0073E56F /* ActivityDetailViewController.swift */,
				2D017B2422C1F1ED004E5C00 /* ActivityNavigationController.swift */,
			);
			path = Activity;
			sourceTree = "<group>";
		};
		4EEB9B22BEDD6AAA2BC8FCC4 /* Frameworks */ = {
			isa = PBXGroup;
			children = (
				323902E647465D1EEE1FDB1D /* Pods_Sweater.framework */,
			);
			name = Frameworks;
			sourceTree = "<group>";
		};
		CCB3970F92647DE1F3F14B75 /* Pods */ = {
			isa = PBXGroup;
			children = (
				9E8B81BA9AC1E0AEDD2507E4 /* Pods-Sweater.debug.xcconfig */,
				725CE9A90FC3F29FE9AF2593 /* Pods-Sweater.release.xcconfig */,
			);
			path = Pods;
			sourceTree = "<group>";
		};
/* End PBXGroup section */

/* Begin PBXNativeTarget section */
		2D3F3FC3226F15360098B414 /* Sweater */ = {
			isa = PBXNativeTarget;
			buildConfigurationList = 2D3F3FD8226F15370098B414 /* Build configuration list for PBXNativeTarget "Sweater" */;
			buildPhases = (
				FC94C344CD769DAEACF5B702 /* [CP] Check Pods Manifest.lock */,
				2D3F3FC0226F15360098B414 /* Sources */,
				2D3F3FC1226F15360098B414 /* Frameworks */,
				2D3F3FC2226F15360098B414 /* Resources */,
				C7F6FF3BEAB7D1038D25F2FC /* [CP] Copy Pods Resources */,
				0543FB416FDEC1F75B75F1F3 /* [CP] Embed Pods Frameworks */,
			);
			buildRules = (
			);
			dependencies = (
			);
			name = Sweater;
			productName = Sweater;
			productReference = 2D3F3FC4226F15360098B414 /* Sweater.app */;
			productType = "com.apple.product-type.application";
		};
/* End PBXNativeTarget section */

/* Begin PBXProject section */
		2D3F3FBC226F15360098B414 /* Project object */ = {
			isa = PBXProject;
			attributes = {
				LastSwiftUpdateCheck = 1020;
				LastUpgradeCheck = 1020;
				ORGANIZATIONNAME = "Leo Huang";
				TargetAttributes = {
					2D3F3FC3226F15360098B414 = {
						CreatedOnToolsVersion = 10.2.1;
					};
				};
			};
			buildConfigurationList = 2D3F3FBF226F15360098B414 /* Build configuration list for PBXProject "Sweater" */;
			compatibilityVersion = "Xcode 9.3";
			developmentRegion = en;
			hasScannedForEncodings = 0;
			knownRegions = (
				en,
				Base,
			);
			mainGroup = 2D3F3FBB226F15360098B414;
			productRefGroup = 2D3F3FC5226F15360098B414 /* Products */;
			projectDirPath = "";
			projectRoot = "";
			targets = (
				2D3F3FC3226F15360098B414 /* Sweater */,
			);
		};
/* End PBXProject section */

/* Begin PBXResourcesBuildPhase section */
		2D3F3FC2226F15360098B414 /* Resources */ = {
			isa = PBXResourcesBuildPhase;
			buildActionMask = 2147483647;
			files = (
				2DF7CA6B22DDE24300A93AA8 /* 180*180.jpg in Resources */,
				2DF7CA6922DDE24300A93AA8 /* 167*167.jpg in Resources */,
				2D08B37B22D44496004D1007 /* photo-camera-2.png in Resources */,
				2DF7CA5622DDE0C500A93AA8 /* badmintonBack.jpg in Resources */,
				2D915F8A22D75D3C009DD06B /* Assets.xcassets in Resources */,
				2DF7CA5322DDE0C500A93AA8 /* volleyballBack.jpg in Resources */,
				2D915F7022D5C28F009DD06B /* photo-camera-edited_opt-2.png in Resources */,
				2DF7CA7C22DDF4EE00A93AA8 /* search.png in Resources */,
				2DF7CA6A22DDE24300A93AA8 /* 20*20.jpg in Resources */,
				2DF7CA7822DDF21B00A93AA8 /* Icon-App-29x29@2x.png in Resources */,
				2D204A7B22B0A75400D8749A /* badminton.png in Resources */,
				2DFF16B122B264F4002F4EE9 /* HanaMinA.ttf in Resources */,
				2DF7CA3522DDB3B200A93AA8 /* basketballCellIcon.png in Resources */,
				2DF7CA3722DDB6B400A93AA8 /* basketballCellIcon (1).png in Resources */,
				2D915F6822D5BA79009DD06B /* kSCTAd.jpg in Resources */,
				2DF7CA5822DDE0C500A93AA8 /* baseballBack.png in Resources */,
				2D08B37F22D46636004D1007 /* send.png in Resources */,
				2DF7CA4422DDCB0C00A93AA8 /* swimBack.jpg in Resources */,
				2DB96BE422D873A9001C1AE6 /* GoogleService-Info.plist in Resources */,
				2D08B37D22D44540004D1007 /* picture.png in Resources */,
				2DF7CA7A22DDF29D00A93AA8 /* respect-2.png in Resources */,
				2DF7CA6722DDE24300A93AA8 /* 120*120.jpg in Resources */,
				2DF7CA7E22DDF52000A93AA8 /* location.png in Resources */,
				2DF7CA8622DE1B4F00A93AA8 /* info.png in Resources */,
				2DF7CA6822DDE24300A93AA8 /* 58*58.jpg in Resources */,
				2DF7CA6E22DDE24300A93AA8 /* 60*60.jpg in Resources */,
				2DF7CA7622DDE38700A93AA8 /* messageImage_1562843983676.jpg in Resources */,
				2DF7CA8022DDF59100A93AA8 /* user.png in Resources */,
				2DF7CA8422DDF60600A93AA8 /* participation.png in Resources */,
				2DF7CA6C22DDE24300A93AA8 /* 40*40.jpg in Resources */,
				2DF7CA5522DDE0C500A93AA8 /* tennisBack.jpg in Resources */,
				2DF7CA7222DDE2BE00A93AA8 /* 29*29.jpg in Resources */,
				2DF7CA7022DDE24300A93AA8 /* 87*87.jpg in Resources */,
				2DF7CA6F22DDE24300A93AA8 /* 80*80.jpg in Resources */,
				2D204A7322B0A13300D8749A /* mainBackground.jpg in Resources */,
				2DF7CA8A22DE1DB400A93AA8 /* info-3.png in Resources */,
				2DF7CA5722DDE0C500A93AA8 /* basketballBack.jpg in Resources */,
				2DF7CA5422DDE0C500A93AA8 /* workoutBack.jpg in Resources */,
				2DFD9DD922A8FAA1006A58E2 /* Launch Screen.storyboard in Resources */,
				2DF7CA8822DE1C3000A93AA8 /* info-2.png in Resources */,
				2DF7CA4B22DDCB2200A93AA8 /* soccerBack.jpg in Resources */,
				2DF7CA7422DDE32100A93AA8 /* 152*152.jpg in Resources */,
				2DFD9DDD22A900F6006A58E2 /* Main.storyboard in Resources */,
				2D204A6C22AFE04200D8749A /* Second.storyboard in Resources */,
				2D6E441822BB18100073E56F /* ActivityListCell.xib in Resources */,
				2DF7CA3B22DDC03B00A93AA8 /* BasketballTableViewCell.xib in Resources */,
				2DF7CA6D22DDE24300A93AA8 /* 76*76.jpg in Resources */,
				2D204A7722B0A44A00D8749A /* basketball.png in Resources */,
				2DFF168522B0C674002F4EE9 /* backArrowIcon_white.png in Resources */,
				2D915F7422D753E0009DD06B /* messageImage_1562843983676.jpg in Resources */,
			);
			runOnlyForDeploymentPostprocessing = 0;
		};
/* End PBXResourcesBuildPhase section */

/* Begin PBXShellScriptBuildPhase section */
		0543FB416FDEC1F75B75F1F3 /* [CP] Embed Pods Frameworks */ = {
			isa = PBXShellScriptBuildPhase;
			buildActionMask = 2147483647;
			files = (
			);
			inputFileListPaths = (
			);
			inputPaths = (
				"${PODS_ROOT}/Target Support Files/Pods-Sweater/Pods-Sweater-frameworks.sh",
				"${BUILT_PRODUCTS_DIR}/BoringSSL-GRPC/openssl_grpc.framework",
				"${BUILT_PRODUCTS_DIR}/GTMSessionFetcher/GTMSessionFetcher.framework",
				"${BUILT_PRODUCTS_DIR}/GoogleUtilities/GoogleUtilities.framework",
				"${BUILT_PRODUCTS_DIR}/IQKeyboardManagerSwift/IQKeyboardManagerSwift.framework",
				"${BUILT_PRODUCTS_DIR}/InputBarAccessoryView/InputBarAccessoryView.framework",
				"${BUILT_PRODUCTS_DIR}/MessageInputBar/MessageInputBar.framework",
				"${BUILT_PRODUCTS_DIR}/MessageKit/MessageKit.framework",
				"${BUILT_PRODUCTS_DIR}/Protobuf/Protobuf.framework",
				"${BUILT_PRODUCTS_DIR}/RSKImageCropper/RSKImageCropper.framework",
				"${BUILT_PRODUCTS_DIR}/gRPC-C++/grpcpp.framework",
				"${BUILT_PRODUCTS_DIR}/gRPC-Core/grpc.framework",
				"${BUILT_PRODUCTS_DIR}/leveldb-library/leveldb.framework",
				"${BUILT_PRODUCTS_DIR}/nanopb/nanopb.framework",
			);
			name = "[CP] Embed Pods Frameworks";
			outputFileListPaths = (
			);
			outputPaths = (
				"${TARGET_BUILD_DIR}/${FRAMEWORKS_FOLDER_PATH}/openssl_grpc.framework",
				"${TARGET_BUILD_DIR}/${FRAMEWORKS_FOLDER_PATH}/GTMSessionFetcher.framework",
				"${TARGET_BUILD_DIR}/${FRAMEWORKS_FOLDER_PATH}/GoogleUtilities.framework",
				"${TARGET_BUILD_DIR}/${FRAMEWORKS_FOLDER_PATH}/IQKeyboardManagerSwift.framework",
				"${TARGET_BUILD_DIR}/${FRAMEWORKS_FOLDER_PATH}/InputBarAccessoryView.framework",
				"${TARGET_BUILD_DIR}/${FRAMEWORKS_FOLDER_PATH}/MessageInputBar.framework",
				"${TARGET_BUILD_DIR}/${FRAMEWORKS_FOLDER_PATH}/MessageKit.framework",
				"${TARGET_BUILD_DIR}/${FRAMEWORKS_FOLDER_PATH}/Protobuf.framework",
				"${TARGET_BUILD_DIR}/${FRAMEWORKS_FOLDER_PATH}/RSKImageCropper.framework",
				"${TARGET_BUILD_DIR}/${FRAMEWORKS_FOLDER_PATH}/grpcpp.framework",
				"${TARGET_BUILD_DIR}/${FRAMEWORKS_FOLDER_PATH}/grpc.framework",
				"${TARGET_BUILD_DIR}/${FRAMEWORKS_FOLDER_PATH}/leveldb.framework",
				"${TARGET_BUILD_DIR}/${FRAMEWORKS_FOLDER_PATH}/nanopb.framework",
			);
			runOnlyForDeploymentPostprocessing = 0;
			shellPath = /bin/sh;
			shellScript = "\"${PODS_ROOT}/Target Support Files/Pods-Sweater/Pods-Sweater-frameworks.sh\"\n";
			showEnvVarsInLog = 0;
		};
		C7F6FF3BEAB7D1038D25F2FC /* [CP] Copy Pods Resources */ = {
			isa = PBXShellScriptBuildPhase;
			buildActionMask = 2147483647;
			files = (
			);
			inputFileListPaths = (
			);
			inputPaths = (
				"${PODS_ROOT}/Target Support Files/Pods-Sweater/Pods-Sweater-resources.sh",
				"${PODS_ROOT}/GoogleMaps/Maps/Frameworks/GoogleMaps.framework/Resources/GoogleMaps.bundle",
				"${PODS_ROOT}/GooglePlaces/Frameworks/GooglePlaces.framework/Resources/GooglePlaces.bundle",
			);
			name = "[CP] Copy Pods Resources";
			outputFileListPaths = (
			);
			outputPaths = (
				"${TARGET_BUILD_DIR}/${UNLOCALIZED_RESOURCES_FOLDER_PATH}/GoogleMaps.bundle",
				"${TARGET_BUILD_DIR}/${UNLOCALIZED_RESOURCES_FOLDER_PATH}/GooglePlaces.bundle",
			);
			runOnlyForDeploymentPostprocessing = 0;
			shellPath = /bin/sh;
			shellScript = "\"${PODS_ROOT}/Target Support Files/Pods-Sweater/Pods-Sweater-resources.sh\"\n";
			showEnvVarsInLog = 0;
		};
		FC94C344CD769DAEACF5B702 /* [CP] Check Pods Manifest.lock */ = {
			isa = PBXShellScriptBuildPhase;
			buildActionMask = 2147483647;
			files = (
			);
			inputFileListPaths = (
			);
			inputPaths = (
				"${PODS_PODFILE_DIR_PATH}/Podfile.lock",
				"${PODS_ROOT}/Manifest.lock",
			);
			name = "[CP] Check Pods Manifest.lock";
			outputFileListPaths = (
			);
			outputPaths = (
				"$(DERIVED_FILE_DIR)/Pods-Sweater-checkManifestLockResult.txt",
			);
			runOnlyForDeploymentPostprocessing = 0;
			shellPath = /bin/sh;
			shellScript = "diff \"${PODS_PODFILE_DIR_PATH}/Podfile.lock\" \"${PODS_ROOT}/Manifest.lock\" > /dev/null\nif [ $? != 0 ] ; then\n    # print error to STDERR\n    echo \"error: The sandbox is not in sync with the Podfile.lock. Run 'pod install' or update your CocoaPods installation.\" >&2\n    exit 1\nfi\n# This output is used by Xcode 'outputs' to avoid re-running this script phase.\necho \"SUCCESS\" > \"${SCRIPT_OUTPUT_FILE_0}\"\n";
			showEnvVarsInLog = 0;
		};
/* End PBXShellScriptBuildPhase section */

/* Begin PBXSourcesBuildPhase section */
		2D3F3FC0226F15360098B414 /* Sources */ = {
			isa = PBXSourcesBuildPhase;
			buildActionMask = 2147483647;
			files = (
				2D915F7222D6E27E009DD06B /* UIImage+Addon.swift in Sources */,
				2D08B38222D48F2D004D1007 /* SettingViewController.swift in Sources */,
				2DFF16F722B60F2B002F4EE9 /* MapViewController.swift in Sources */,
				2D08B37322CF2C58004D1007 /* UIColor+Additions.swift in Sources */,
				2DFF16F522B52A15002F4EE9 /* Method.swift in Sources */,
				2D6E43F322B9D42F0073E56F /* CustomAnnotation.swift in Sources */,
				2DFF16AD22B259DF002F4EE9 /* TabbarViewController.swift in Sources */,
				2DF7CA8C22DE262E00A93AA8 /* MemberCenterViewController.swift in Sources */,
				2DF7CA8E22DE270300A93AA8 /* MemberDetailCell.swift in Sources */,
				2D017B2722C33F22004E5C00 /* Manager.swift in Sources */,
				2DFF16AF22B25A61002F4EE9 /* MainNavigationViewController.swift in Sources */,
				2D5F5FF122D97E9C00F09543 /* Sweater.xcdatamodeld in Sources */,
				2D08B37522D3036E004D1007 /* Channel.swift in Sources */,
				2D08B36F22CF239B004D1007 /* UICollectionView+Additions.swift in Sources */,
				2DFD9DD322A8F950006A58E2 /* AppDelegate.swift in Sources */,
				2D6E441C22BB5A750073E56F /* Activity.swift in Sources */,
				2DFF168122B0AF4F002F4EE9 /* CreateActivityViewController.swift in Sources */,
				2D915F9722D824BD009DD06B /* infoUIView.swift in Sources */,
				2D060E2C22AE0CF300BA34A6 /* Account.swift in Sources */,
				2DFD9DD122A8F7B1006A58E2 /* SignUpViewController.swift in Sources */,
				2D017B2522C1F1ED004E5C00 /* ActivityNavigationController.swift in Sources */,
				2D6E441A22BB57430073E56F /* ActivityListViewController.swift in Sources */,
				2D08B36B22CDB50A004D1007 /* Mesage.swift in Sources */,
				2D6E43D022B77D4B0073E56F /* MapSelectionViewController.swift in Sources */,
				2D6E441722BB18100073E56F /* ActivityListCell.swift in Sources */,
				2DFF16A722B22D77002F4EE9 /* ViewController.swift in Sources */,
				2D6E43F022B8ECD80073E56F /* MapData.swift in Sources */,
				2DFD9DCE22A8F7B1006A58E2 /* AuthTestViewController.swift in Sources */,
				2D6E43CE22B774FF0073E56F /* TestViewController.swift in Sources */,
				2D08B37722D304A7004D1007 /* DatabaseRepresentation.swift in Sources */,
				2D08B36D22CDC411004D1007 /* ParticipateActivityViewController.swift in Sources */,
				2D6E46E422C1B50D0073E56F /* ActivityDetailViewController.swift in Sources */,
				2DF7CA3A22DDC03B00A93AA8 /* BasketballTableViewCell.swift in Sources */,
				2D915F9E22D85B44009DD06B /* CoreDataHelper.swift in Sources */,
				2D204A6E22AFF8F600D8749A /* MainViewController.swift in Sources */,
				2D08B36922CDAD64004D1007 /* ChatRoomViewController.swift in Sources */,
			);
			runOnlyForDeploymentPostprocessing = 0;
		};
/* End PBXSourcesBuildPhase section */

/* Begin XCBuildConfiguration section */
		2D3F3FD6226F15370098B414 /* Debug */ = {
			isa = XCBuildConfiguration;
			buildSettings = {
				ALWAYS_SEARCH_USER_PATHS = NO;
				CLANG_ANALYZER_NONNULL = YES;
				CLANG_ANALYZER_NUMBER_OBJECT_CONVERSION = YES_AGGRESSIVE;
				CLANG_CXX_LANGUAGE_STANDARD = "gnu++14";
				CLANG_CXX_LIBRARY = "libc++";
				CLANG_ENABLE_MODULES = YES;
				CLANG_ENABLE_OBJC_ARC = YES;
				CLANG_ENABLE_OBJC_WEAK = YES;
				CLANG_WARN_BLOCK_CAPTURE_AUTORELEASING = YES;
				CLANG_WARN_BOOL_CONVERSION = YES;
				CLANG_WARN_COMMA = YES;
				CLANG_WARN_CONSTANT_CONVERSION = YES;
				CLANG_WARN_DEPRECATED_OBJC_IMPLEMENTATIONS = YES;
				CLANG_WARN_DIRECT_OBJC_ISA_USAGE = YES_ERROR;
				CLANG_WARN_DOCUMENTATION_COMMENTS = YES;
				CLANG_WARN_EMPTY_BODY = YES;
				CLANG_WARN_ENUM_CONVERSION = YES;
				CLANG_WARN_INFINITE_RECURSION = YES;
				CLANG_WARN_INT_CONVERSION = YES;
				CLANG_WARN_NON_LITERAL_NULL_CONVERSION = YES;
				CLANG_WARN_OBJC_IMPLICIT_RETAIN_SELF = YES;
				CLANG_WARN_OBJC_LITERAL_CONVERSION = YES;
				CLANG_WARN_OBJC_ROOT_CLASS = YES_ERROR;
				CLANG_WARN_RANGE_LOOP_ANALYSIS = YES;
				CLANG_WARN_STRICT_PROTOTYPES = YES;
				CLANG_WARN_SUSPICIOUS_MOVE = YES;
				CLANG_WARN_UNGUARDED_AVAILABILITY = YES_AGGRESSIVE;
				CLANG_WARN_UNREACHABLE_CODE = YES;
				CLANG_WARN__DUPLICATE_METHOD_MATCH = YES;
				CODE_SIGN_IDENTITY = "iPhone Developer";
				COPY_PHASE_STRIP = NO;
				DEBUG_INFORMATION_FORMAT = dwarf;
				ENABLE_STRICT_OBJC_MSGSEND = YES;
				ENABLE_TESTABILITY = YES;
				GCC_C_LANGUAGE_STANDARD = gnu11;
				GCC_DYNAMIC_NO_PIC = NO;
				GCC_NO_COMMON_BLOCKS = YES;
				GCC_OPTIMIZATION_LEVEL = 0;
				GCC_PREPROCESSOR_DEFINITIONS = (
					"DEBUG=1",
					"$(inherited)",
				);
				GCC_WARN_64_TO_32_BIT_CONVERSION = YES;
				GCC_WARN_ABOUT_RETURN_TYPE = YES_ERROR;
				GCC_WARN_UNDECLARED_SELECTOR = YES;
				GCC_WARN_UNINITIALIZED_AUTOS = YES_AGGRESSIVE;
				GCC_WARN_UNUSED_FUNCTION = YES;
				GCC_WARN_UNUSED_VARIABLE = YES;
				IPHONEOS_DEPLOYMENT_TARGET = 12.2;
				MTL_ENABLE_DEBUG_INFO = INCLUDE_SOURCE;
				MTL_FAST_MATH = YES;
				ONLY_ACTIVE_ARCH = YES;
				SDKROOT = iphoneos;
				SWIFT_ACTIVE_COMPILATION_CONDITIONS = DEBUG;
				SWIFT_OPTIMIZATION_LEVEL = "-Onone";
			};
			name = Debug;
		};
		2D3F3FD7226F15370098B414 /* Release */ = {
			isa = XCBuildConfiguration;
			buildSettings = {
				ALWAYS_SEARCH_USER_PATHS = NO;
				CLANG_ANALYZER_NONNULL = YES;
				CLANG_ANALYZER_NUMBER_OBJECT_CONVERSION = YES_AGGRESSIVE;
				CLANG_CXX_LANGUAGE_STANDARD = "gnu++14";
				CLANG_CXX_LIBRARY = "libc++";
				CLANG_ENABLE_MODULES = YES;
				CLANG_ENABLE_OBJC_ARC = YES;
				CLANG_ENABLE_OBJC_WEAK = YES;
				CLANG_WARN_BLOCK_CAPTURE_AUTORELEASING = YES;
				CLANG_WARN_BOOL_CONVERSION = YES;
				CLANG_WARN_COMMA = YES;
				CLANG_WARN_CONSTANT_CONVERSION = YES;
				CLANG_WARN_DEPRECATED_OBJC_IMPLEMENTATIONS = YES;
				CLANG_WARN_DIRECT_OBJC_ISA_USAGE = YES_ERROR;
				CLANG_WARN_DOCUMENTATION_COMMENTS = YES;
				CLANG_WARN_EMPTY_BODY = YES;
				CLANG_WARN_ENUM_CONVERSION = YES;
				CLANG_WARN_INFINITE_RECURSION = YES;
				CLANG_WARN_INT_CONVERSION = YES;
				CLANG_WARN_NON_LITERAL_NULL_CONVERSION = YES;
				CLANG_WARN_OBJC_IMPLICIT_RETAIN_SELF = YES;
				CLANG_WARN_OBJC_LITERAL_CONVERSION = YES;
				CLANG_WARN_OBJC_ROOT_CLASS = YES_ERROR;
				CLANG_WARN_RANGE_LOOP_ANALYSIS = YES;
				CLANG_WARN_STRICT_PROTOTYPES = YES;
				CLANG_WARN_SUSPICIOUS_MOVE = YES;
				CLANG_WARN_UNGUARDED_AVAILABILITY = YES_AGGRESSIVE;
				CLANG_WARN_UNREACHABLE_CODE = YES;
				CLANG_WARN__DUPLICATE_METHOD_MATCH = YES;
				CODE_SIGN_IDENTITY = "iPhone Developer";
				COPY_PHASE_STRIP = NO;
				DEBUG_INFORMATION_FORMAT = "dwarf-with-dsym";
				ENABLE_NS_ASSERTIONS = NO;
				ENABLE_STRICT_OBJC_MSGSEND = YES;
				GCC_C_LANGUAGE_STANDARD = gnu11;
				GCC_NO_COMMON_BLOCKS = YES;
				GCC_WARN_64_TO_32_BIT_CONVERSION = YES;
				GCC_WARN_ABOUT_RETURN_TYPE = YES_ERROR;
				GCC_WARN_UNDECLARED_SELECTOR = YES;
				GCC_WARN_UNINITIALIZED_AUTOS = YES_AGGRESSIVE;
				GCC_WARN_UNUSED_FUNCTION = YES;
				GCC_WARN_UNUSED_VARIABLE = YES;
				IPHONEOS_DEPLOYMENT_TARGET = 12.2;
				MTL_ENABLE_DEBUG_INFO = NO;
				MTL_FAST_MATH = YES;
				SDKROOT = iphoneos;
				SWIFT_COMPILATION_MODE = wholemodule;
				SWIFT_OPTIMIZATION_LEVEL = "-O";
				VALIDATE_PRODUCT = YES;
			};
			name = Release;
		};
		2D3F3FD9226F15370098B414 /* Debug */ = {
			isa = XCBuildConfiguration;
			baseConfigurationReference = 9E8B81BA9AC1E0AEDD2507E4 /* Pods-Sweater.debug.xcconfig */;
			buildSettings = {
				ASSETCATALOG_COMPILER_APPICON_NAME = AppIcon;
				CODE_SIGN_STYLE = Automatic;
				DEVELOPMENT_TEAM = 4N8GEH3CHR;
				INFOPLIST_FILE = plist/Info.plist;
				IPHONEOS_DEPLOYMENT_TARGET = 12.0;
				LD_RUNPATH_SEARCH_PATHS = (
					"$(inherited)",
					"@executable_path/Frameworks",
				);
				PRODUCT_BUNDLE_IDENTIFIER = com.www.Sweater;
				PRODUCT_NAME = "$(TARGET_NAME)";
				SWIFT_VERSION = 5.0;
				TARGETED_DEVICE_FAMILY = 1;
			};
			name = Debug;
		};
		2D3F3FDA226F15370098B414 /* Release */ = {
			isa = XCBuildConfiguration;
			baseConfigurationReference = 725CE9A90FC3F29FE9AF2593 /* Pods-Sweater.release.xcconfig */;
			buildSettings = {
				ASSETCATALOG_COMPILER_APPICON_NAME = AppIcon;
				CODE_SIGN_STYLE = Automatic;
				DEVELOPMENT_TEAM = 4N8GEH3CHR;
				INFOPLIST_FILE = plist/Info.plist;
				IPHONEOS_DEPLOYMENT_TARGET = 12.0;
				LD_RUNPATH_SEARCH_PATHS = (
					"$(inherited)",
					"@executable_path/Frameworks",
				);
				PRODUCT_BUNDLE_IDENTIFIER = com.www.Sweater;
				PRODUCT_NAME = "$(TARGET_NAME)";
				SWIFT_VERSION = 5.0;
				TARGETED_DEVICE_FAMILY = 1;
			};
			name = Release;
		};
/* End XCBuildConfiguration section */

/* Begin XCConfigurationList section */
		2D3F3FBF226F15360098B414 /* Build configuration list for PBXProject "Sweater" */ = {
			isa = XCConfigurationList;
			buildConfigurations = (
				2D3F3FD6226F15370098B414 /* Debug */,
				2D3F3FD7226F15370098B414 /* Release */,
			);
			defaultConfigurationIsVisible = 0;
			defaultConfigurationName = Release;
		};
		2D3F3FD8226F15370098B414 /* Build configuration list for PBXNativeTarget "Sweater" */ = {
			isa = XCConfigurationList;
			buildConfigurations = (
				2D3F3FD9226F15370098B414 /* Debug */,
				2D3F3FDA226F15370098B414 /* Release */,
			);
			defaultConfigurationIsVisible = 0;
			defaultConfigurationName = Release;
		};
/* End XCConfigurationList section */

/* Begin XCVersionGroup section */
		2D5F5FEF22D97E9B00F09543 /* Sweater.xcdatamodeld */ = {
			isa = XCVersionGroup;
			children = (
				2D5F5FF022D97E9B00F09543 /* Sweater.xcdatamodel */,
			);
			currentVersion = 2D5F5FF022D97E9B00F09543 /* Sweater.xcdatamodel */;
			path = Sweater.xcdatamodeld;
			sourceTree = "<group>";
			versionGroupType = wrapper.xcdatamodel;
		};
/* End XCVersionGroup section */
	};
	rootObject = 2D3F3FBC226F15360098B414 /* Project object */;
}
